# This file is automatically @generated by Cargo.
# It is not intended for manual editing.
version = 4

[[package]]
name = "erk-dom"
version = "0.1.0"

[[package]]
name = "erk-network"
version = "0.1.0"

[[package]]
name = "erk-renderer"
version = "0.1.0"

[[package]]
name = "erk-shell"
version = "0.1.0"
